<?xml version="1.0" encoding="utf-8"?>
<Project ToolsVersion="4.0" xmlns="http://schemas.microsoft.com/developer/msbuild/2003">
  <ItemGroup>
    <Filter Include="Cicada">
      <UniqueIdentifier>{3AA7CCAB-2649-F781-0F04-0BD6FB447ED2}</UniqueIdentifier>
    </Filter>
  </ItemGroup>
  <ItemGroup>
    <ClInclude Include="src\Cicada.h" />
    <ClInclude Include="src\Cicada\Application.h">
      <Filter>Cicada</Filter>
    </ClInclude>
    <ClInclude Include="src\Cicada\Core.h">
      <Filter>Cicada</Filter>
    </ClInclude>
    <ClInclude Include="src\Cicada\EntryPoint.h">
      <Filter>Cicada</Filter>
    </ClInclude>
    <ClInclude Include="src\Cicada\Log.h">
      <Filter>Cicada</Filter>
    </ClInclude>
  </ItemGroup>
  <ItemGroup>
    <ClCompile Include="src\Cicada\Application.cpp">
      <Filter>Cicada</Filter>
    </ClCompile>
    <ClCompile Include="src\Cicada\Log.cpp">
      <Filter>Cicada</Filter>
    </ClCompile>
  </ItemGroup>
</Project>